
Microsoft Visual Studio Solution File, Format Version 12.00
# Visual Studio Version 17
VisualStudioVersion = 17.3.32929.385
MinimumVisualStudioVersion = 10.0.40219.1
Project("{FAE04EC0-301F-11D3-BF4B-00C04F79EFBC}") = "EstruturaRepetitivaEnquantoWhile", "EstruturaRepetitivaEnquantoWhile\EstruturaRepetitivaEnquantoWhile.csproj", "{B87DD5FD-3239-447F-B43C-5C49023AD4AF}"
EndProject
Global
	GlobalSection(SolutionConfigurationPlatforms) = preSolution
		Debug|Any CPU = Debug|Any CPU
		Release|Any CPU = Release|Any CPU
	EndGlobalSection
	GlobalSection(ProjectConfigurationPlatforms) = postSolution
		{B87DD5FD-3239-447F-B43C-5C49023AD4AF}.Debug|Any CPU.ActiveCfg = Debug|Any CPU
		{B87DD5FD-3239-447F-B43C-5C49023AD4AF}.Debug|Any CPU.Build.0 = Debug|Any CPU
		{B87DD5FD-3239-447F-B43C-5C49023AD4AF}.Release|Any CPU.ActiveCfg = Release|Any CPU
		{B87DD5FD-3239-447F-B43C-5C49023AD4AF}.Release|Any CPU.Build.0 = Release|Any CPU
	EndGlobalSection
	GlobalSection(SolutionProperties) = preSolution
		HideSolutionNode = FALSE
	EndGlobalSection
	GlobalSection(ExtensibilityGlobals) = postSolution
		SolutionGuid = {A21DFB05-69D2-41F1-9AAD-B26327190298}
	EndGlobalSection
EndGlobal
